
Microsoft Visual Studio Solution File, Format Version 12.00
# Visual Studio Version 17
VisualStudioVersion = 17.9.34607.119
MinimumVisualStudioVersion = 10.0.40219.1
Project("{8BC9CEB8-8B4A-11D0-8D11-00A0C91BC942}") = "VGP134Final", "VGP134Final\VGP134Final.vcxproj", "{8EFC2FB3-EFB2-4324-9238-3DB324CD5694}"
EndProject
Global
	GlobalSection(SolutionConfigurationPlatforms) = preSolution
		Debug|x64 = Debug|x64
		Debug|x86 = Debug|x86
		Release|x64 = Release|x64
		Release|x86 = Release|x86
	EndGlobalSection
	GlobalSection(ProjectConfigurationPlatforms) = postSolution
		{8EFC2FB3-EFB2-4324-9238-3DB324CD5694}.Debug|x64.ActiveCfg = Debug|x64
		{8EFC2FB3-EFB2-4324-9238-3DB324CD5694}.Debug|x64.Build.0 = Debug|x64
		{8EFC2FB3-EFB2-4324-9238-3DB324CD5694}.Debug|x86.ActiveCfg = Debug|Win32
		{8EFC2FB3-EFB2-4324-9238-3DB324CD5694}.Debug|x86.Build.0 = Debug|Win32
		{8EFC2FB3-EFB2-4324-9238-3DB324CD5694}.Release|x64.ActiveCfg = Release|x64
		{8EFC2FB3-EFB2-4324-9238-3DB324CD5694}.Release|x64.Build.0 = Release|x64
		{8EFC2FB3-EFB2-4324-9238-3DB324CD5694}.Release|x86.ActiveCfg = Release|Win32
		{8EFC2FB3-EFB2-4324-9238-3DB324CD5694}.Release|x86.Build.0 = Release|Win32
	EndGlobalSection
	GlobalSection(SolutionProperties) = preSolution
		HideSolutionNode = FALSE
	EndGlobalSection
	GlobalSection(ExtensibilityGlobals) = postSolution
		SolutionGuid = {867163C2-1F49-4C21-BCAE-4E73A1BC19E0}
	EndGlobalSection
EndGlobal
