
Microsoft Visual Studio Solution File, Format Version 12.00
# Visual Studio Version 17
VisualStudioVersion = 17.13.35931.197 d17.13
MinimumVisualStudioVersion = 10.0.40219.1
Project("{8BC9CEB8-8B4A-11D0-8D11-00A0C91BC942}") = "VGP134_Week4", "VGP134_Week4\VGP134_Week4.vcxproj", "{D6CD6B7D-751E-4642-B9C3-3E84B82A8AAA}"
EndProject
Global
	GlobalSection(SolutionConfigurationPlatforms) = preSolution
		Debug|x64 = Debug|x64
		Debug|x86 = Debug|x86
		Release|x64 = Release|x64
		Release|x86 = Release|x86
	EndGlobalSection
	GlobalSection(ProjectConfigurationPlatforms) = postSolution
		{D6CD6B7D-751E-4642-B9C3-3E84B82A8AAA}.Debug|x64.ActiveCfg = Debug|x64
		{D6CD6B7D-751E-4642-B9C3-3E84B82A8AAA}.Debug|x64.Build.0 = Debug|x64
		{D6CD6B7D-751E-4642-B9C3-3E84B82A8AAA}.Debug|x86.ActiveCfg = Debug|Win32
		{D6CD6B7D-751E-4642-B9C3-3E84B82A8AAA}.Debug|x86.Build.0 = Debug|Win32
		{D6CD6B7D-751E-4642-B9C3-3E84B82A8AAA}.Release|x64.ActiveCfg = Release|x64
		{D6CD6B7D-751E-4642-B9C3-3E84B82A8AAA}.Release|x64.Build.0 = Release|x64
		{D6CD6B7D-751E-4642-B9C3-3E84B82A8AAA}.Release|x86.ActiveCfg = Release|Win32
		{D6CD6B7D-751E-4642-B9C3-3E84B82A8AAA}.Release|x86.Build.0 = Release|Win32
	EndGlobalSection
	GlobalSection(SolutionProperties) = preSolution
		HideSolutionNode = FALSE
	EndGlobalSection
	GlobalSection(ExtensibilityGlobals) = postSolution
		SolutionGuid = {54BA091D-D079-4A05-9A59-D7261DD425D8}
	EndGlobalSection
EndGlobal
